// !$*UTF8*$!
{
	archiveVersion = 1;
	classes = {
	};
	objectVersion = 55;
	objects = {

/* Begin PBXBuildFile section */
		4A6D18412776C2DB0064B48F /* STREAMDUIKit.docc in Sources */ = {isa = PBXBuildFile; fileRef = 4A6D18402776C2DB0064B48F /* STREAMDUIKit.docc */; };
		4A6D18472776C2DB0064B48F /* STREAMDUIKit.framework in Frameworks */ = {isa = PBXBuildFile; fileRef = 4A6D183C2776C2DB0064B48F /* STREAMDUIKit.framework */; };
		4A6D184C2776C2DB0064B48F /* STREAMDUIKitTests.swift in Sources */ = {isa = PBXBuildFile; fileRef = 4A6D184B2776C2DB0064B48F /* STREAMDUIKitTests.swift */; };
		4A6D184D2776C2DB0064B48F /* STREAMDUIKit.h in Headers */ = {isa = PBXBuildFile; fileRef = 4A6D183F2776C2DB0064B48F /* STREAMDUIKit.h */; settings = {ATTRIBUTES = (Public, ); }; };
		4A6D185E2776C3030064B48F /* SubtitleLabel.swift in Sources */ = {isa = PBXBuildFile; fileRef = 4A6D18562776C3020064B48F /* SubtitleLabel.swift */; };
		4A6D185F2776C3030064B48F /* KeyVisualView.swift in Sources */ = {isa = PBXBuildFile; fileRef = 4A6D18572776C3020064B48F /* KeyVisualView.swift */; };
		4A6D18602776C3030064B48F /* TextFieldWithTitle.swift in Sources */ = {isa = PBXBuildFile; fileRef = 4A6D18582776C3020064B48F /* TextFieldWithTitle.swift */; };
		4A6D18612776C3030064B48F /* EmptyCell.swift in Sources */ = {isa = PBXBuildFile; fileRef = 4A6D18592776C3020064B48F /* EmptyCell.swift */; };
		4A6D18632776C3030064B48F /* TitleLabel.swift in Sources */ = {isa = PBXBuildFile; fileRef = 4A6D185B2776C3030064B48F /* TitleLabel.swift */; };
		4A6D18642776C3030064B48F /* TextField.swift in Sources */ = {isa = PBXBuildFile; fileRef = 4A6D185C2776C3030064B48F /* TextField.swift */; };
		4A6D18652776C3030064B48F /* Button.swift in Sources */ = {isa = PBXBuildFile; fileRef = 4A6D185D2776C3030064B48F /* Button.swift */; };
		4A6D18672776C3350064B48F /* Assets.xcassets in Resources */ = {isa = PBXBuildFile; fileRef = 4A6D18662776C3350064B48F /* Assets.xcassets */; };
		4A6D18692776C3390064B48F /* Colors.swift in Sources */ = {isa = PBXBuildFile; fileRef = 4A6D18682776C3390064B48F /* Colors.swift */; };
		4A6D186C2776C34F0064B48F /* SnapKit in Frameworks */ = {isa = PBXBuildFile; productRef = 4A6D186B2776C34F0064B48F /* SnapKit */; };
		4A6D18732776C4140064B48F /* TagView.swift in Sources */ = {isa = PBXBuildFile; fileRef = 4A6D18712776C4140064B48F /* TagView.swift */; };
/* End PBXBuildFile section */

/* Begin PBXContainerItemProxy section */
		4A6D18482776C2DB0064B48F /* PBXContainerItemProxy */ = {
			isa = PBXContainerItemProxy;
			containerPortal = 4A6D18332776C2DB0064B48F /* Project object */;
			proxyType = 1;
			remoteGlobalIDString = 4A6D183B2776C2DB0064B48F;
			remoteInfo = STREAMDUIKit;
		};
/* End PBXContainerItemProxy section */

/* Begin PBXFileReference section */
		4A6D183C2776C2DB0064B48F /* STREAMDUIKit.framework */ = {isa = PBXFileReference; explicitFileType = wrapper.framework; includeInIndex = 0; path = STREAMDUIKit.framework; sourceTree = BUILT_PRODUCTS_DIR; };
		4A6D183F2776C2DB0064B48F /* STREAMDUIKit.h */ = {isa = PBXFileReference; lastKnownFileType = sourcecode.c.h; path = STREAMDUIKit.h; sourceTree = "<group>"; };
		4A6D18402776C2DB0064B48F /* STREAMDUIKit.docc */ = {isa = PBXFileReference; lastKnownFileType = folder.documentationcatalog; path = STREAMDUIKit.docc; sourceTree = "<group>"; };
		4A6D18462776C2DB0064B48F /* STREAMDUIKitTests.xctest */ = {isa = PBXFileReference; explicitFileType = wrapper.cfbundle; includeInIndex = 0; path = STREAMDUIKitTests.xctest; sourceTree = BUILT_PRODUCTS_DIR; };
		4A6D184B2776C2DB0064B48F /* STREAMDUIKitTests.swift */ = {isa = PBXFileReference; lastKnownFileType = sourcecode.swift; path = STREAMDUIKitTests.swift; sourceTree = "<group>"; };
		4A6D18562776C3020064B48F /* SubtitleLabel.swift */ = {isa = PBXFileReference; fileEncoding = 4; lastKnownFileType = sourcecode.swift; path = SubtitleLabel.swift; sourceTree = "<group>"; };
		4A6D18572776C3020064B48F /* KeyVisualView.swift */ = {isa = PBXFileReference; fileEncoding = 4; lastKnownFileType = sourcecode.swift; path = KeyVisualView.swift; sourceTree = "<group>"; };
		4A6D18582776C3020064B48F /* TextFieldWithTitle.swift */ = {isa = PBXFileReference; fileEncoding = 4; lastKnownFileType = sourcecode.swift; path = TextFieldWithTitle.swift; sourceTree = "<group>"; };
		4A6D18592776C3020064B48F /* EmptyCell.swift */ = {isa = PBXFileReference; fileEncoding = 4; lastKnownFileType = sourcecode.swift; path = EmptyCell.swift; sourceTree = "<group>"; };
		4A6D185B2776C3030064B48F /* TitleLabel.swift */ = {isa = PBXFileReference; fileEncoding = 4; lastKnownFileType = sourcecode.swift; path = TitleLabel.swift; sourceTree = "<group>"; };
		4A6D185C2776C3030064B48F /* TextField.swift */ = {isa = PBXFileReference; fileEncoding = 4; lastKnownFileType = sourcecode.swift; path = TextField.swift; sourceTree = "<group>"; };
		4A6D185D2776C3030064B48F /* Button.swift */ = {isa = PBXFileReference; fileEncoding = 4; lastKnownFileType = sourcecode.swift; path = Button.swift; sourceTree = "<group>"; };
		4A6D18662776C3350064B48F /* Assets.xcassets */ = {isa = PBXFileReference; lastKnownFileType = folder.assetcatalog; path = Assets.xcassets; sourceTree = "<group>"; };
		4A6D18682776C3390064B48F /* Colors.swift */ = {isa = PBXFileReference; fileEncoding = 4; lastKnownFileType = sourcecode.swift; path = Colors.swift; sourceTree = "<group>"; };
		4A6D18712776C4140064B48F /* TagView.swift */ = {isa = PBXFileReference; fileEncoding = 4; lastKnownFileType = sourcecode.swift; path = TagView.swift; sourceTree = "<group>"; };
/* End PBXFileReference section */

/* Begin PBXFrameworksBuildPhase section */
		4A6D18392776C2DB0064B48F /* Frameworks */ = {
			isa = PBXFrameworksBuildPhase;
			buildActionMask = 2147483647;
			files = (
				4A6D186C2776C34F0064B48F /* SnapKit in Frameworks */,
			);
			runOnlyForDeploymentPostprocessing = 0;
		};
		4A6D18432776C2DB0064B48F /* Frameworks */ = {
			isa = PBXFrameworksBuildPhase;
			buildActionMask = 2147483647;
			files = (
				4A6D18472776C2DB0064B48F /* STREAMDUIKit.framework in Frameworks */,
			);
			runOnlyForDeploymentPostprocessing = 0;
		};
/* End PBXFrameworksBuildPhase section */

/* Begin PBXGroup section */
		4A6D18322776C2DB0064B48F = {
			isa = PBXGroup;
			children = (
				4A6D183E2776C2DB0064B48F /* STREAMDUIKit */,
				4A6D184A2776C2DB0064B48F /* STREAMDUIKitTests */,
				4A6D183D2776C2DB0064B48F /* Products */,
			);
			sourceTree = "<group>";
		};
		4A6D183D2776C2DB0064B48F /* Products */ = {
			isa = PBXGroup;
			children = (
				4A6D183C2776C2DB0064B48F /* STREAMDUIKit.framework */,
				4A6D18462776C2DB0064B48F /* STREAMDUIKitTests.xctest */,
			);
			name = Products;
			sourceTree = "<group>";
		};
		4A6D183E2776C2DB0064B48F /* STREAMDUIKit */ = {
			isa = PBXGroup;
			children = (
				4A6D18662776C3350064B48F /* Assets.xcassets */,
				4A6D18682776C3390064B48F /* Colors.swift */,
				4A6D185B2776C3030064B48F /* TitleLabel.swift */,
				4A6D185C2776C3030064B48F /* TextField.swift */,
				4A6D18582776C3020064B48F /* TextFieldWithTitle.swift */,
				4A6D185D2776C3030064B48F /* Button.swift */,
				4A6D18562776C3020064B48F /* SubtitleLabel.swift */,
				4A6D18572776C3020064B48F /* KeyVisualView.swift */,
				4A6D18592776C3020064B48F /* EmptyCell.swift */,
				4A6D18712776C4140064B48F /* TagView.swift */,
				4A6D183F2776C2DB0064B48F /* STREAMDUIKit.h */,
				4A6D18402776C2DB0064B48F /* STREAMDUIKit.docc */,
			);
			path = STREAMDUIKit;
			sourceTree = "<group>";
		};
		4A6D184A2776C2DB0064B48F /* STREAMDUIKitTests */ = {
			isa = PBXGroup;
			children = (
				4A6D184B2776C2DB0064B48F /* STREAMDUIKitTests.swift */,
			);
			path = STREAMDUIKitTests;
			sourceTree = "<group>";
		};
/* End PBXGroup section */

/* Begin PBXHeadersBuildPhase section */
		4A6D18372776C2DB0064B48F /* Headers */ = {
			isa = PBXHeadersBuildPhase;
			buildActionMask = 2147483647;
			files = (
				4A6D184D2776C2DB0064B48F /* STREAMDUIKit.h in Headers */,
			);
			runOnlyForDeploymentPostprocessing = 0;
		};
/* End PBXHeadersBuildPhase section */

/* Begin PBXNativeTarget section */
		4A6D183B2776C2DB0064B48F /* STREAMDUIKit */ = {
			isa = PBXNativeTarget;
			buildConfigurationList = 4A6D18502776C2DB0064B48F /* Build configuration list for PBXNativeTarget "STREAMDUIKit" */;
			buildPhases = (
				4A6D18372776C2DB0064B48F /* Headers */,
				4A6D18382776C2DB0064B48F /* Sources */,
				4A6D18392776C2DB0064B48F /* Frameworks */,
				4A6D183A2776C2DB0064B48F /* Resources */,
			);
			buildRules = (
			);
			dependencies = (
			);
			name = STREAMDUIKit;
			packageProductDependencies = (
				4A6D186B2776C34F0064B48F /* SnapKit */,
			);
			productName = STREAMDUIKit;
			productReference = 4A6D183C2776C2DB0064B48F /* STREAMDUIKit.framework */;
			productType = "com.apple.product-type.framework";
		};
		4A6D18452776C2DB0064B48F /* STREAMDUIKitTests */ = {
			isa = PBXNativeTarget;
			buildConfigurationList = 4A6D18532776C2DB0064B48F /* Build configuration list for PBXNativeTarget "STREAMDUIKitTests" */;
			buildPhases = (
				4A6D18422776C2DB0064B48F /* Sources */,
				4A6D18432776C2DB0064B48F /* Frameworks */,
				4A6D18442776C2DB0064B48F /* Resources */,
			);
			buildRules = (
			);
			dependencies = (
				4A6D18492776C2DB0064B48F /* PBXTargetDependency */,
			);
			name = STREAMDUIKitTests;
			productName = STREAMDUIKitTests;
			productReference = 4A6D18462776C2DB0064B48F /* STREAMDUIKitTests.xctest */;
			productType = "com.apple.product-type.bundle.unit-test";
		};
/* End PBXNativeTarget section */

/* Begin PBXProject section */
		4A6D18332776C2DB0064B48F /* Project object */ = {
			isa = PBXProject;
			attributes = {
				BuildIndependentTargetsInParallel = 1;
				LastSwiftUpdateCheck = 1320;
				LastUpgradeCheck = 1320;
				TargetAttributes = {
					4A6D183B2776C2DB0064B48F = {
						CreatedOnToolsVersion = 13.2;
					};
					4A6D18452776C2DB0064B48F = {
						CreatedOnToolsVersion = 13.2;
					};
				};
			};
			buildConfigurationList = 4A6D18362776C2DB0064B48F /* Build configuration list for PBXProject "STREAMDUIKit" */;
			compatibilityVersion = "Xcode 13.0";
			developmentRegion = en;
			hasScannedForEncodings = 0;
			knownRegions = (
				en,
				Base,
			);
			mainGroup = 4A6D18322776C2DB0064B48F;
			packageReferences = (
				4A6D186A2776C34F0064B48F /* XCRemoteSwiftPackageReference "SnapKit" */,
			);
			productRefGroup = 4A6D183D2776C2DB0064B48F /* Products */;
			projectDirPath = "";
			projectRoot = "";
			targets = (
				4A6D183B2776C2DB0064B48F /* STREAMDUIKit */,
				4A6D18452776C2DB0064B48F /* STREAMDUIKitTests */,
			);
		};
/* End PBXProject section */

/* Begin PBXResourcesBuildPhase section */
		4A6D183A2776C2DB0064B48F /* Resources */ = {
			isa = PBXResourcesBuildPhase;
			buildActionMask = 2147483647;
			files = (
				4A6D18672776C3350064B48F /* Assets.xcassets in Resources */,
			);
			runOnlyForDeploymentPostprocessing = 0;
		};
		4A6D18442776C2DB0064B48F /* Resources */ = {
			isa = PBXResourcesBuildPhase;
			buildActionMask = 2147483647;
			files = (
			);
			runOnlyForDeploymentPostprocessing = 0;
		};
/* End PBXResourcesBuildPhase section */

/* Begin PBXSourcesBuildPhase section */
		4A6D18382776C2DB0064B48F /* Sources */ = {
			isa = PBXSourcesBuildPhase;
			buildActionMask = 2147483647;
			files = (
				4A6D185E2776C3030064B48F /* SubtitleLabel.swift in Sources */,
				4A6D18732776C4140064B48F /* TagView.swift in Sources */,
				4A6D18692776C3390064B48F /* Colors.swift in Sources */,
				4A6D185F2776C3030064B48F /* KeyVisualView.swift in Sources */,
				4A6D18602776C3030064B48F /* TextFieldWithTitle.swift in Sources */,
				4A6D18642776C3030064B48F /* TextField.swift in Sources */,
				4A6D18412776C2DB0064B48F /* STREAMDUIKit.docc in Sources */,
				4A6D18632776C3030064B48F /* TitleLabel.swift in Sources */,
				4A6D18612776C3030064B48F /* EmptyCell.swift in Sources */,
				4A6D18652776C3030064B48F /* Button.swift in Sources */,
			);
			runOnlyForDeploymentPostprocessing = 0;
		};
		4A6D18422776C2DB0064B48F /* Sources */ = {
			isa = PBXSourcesBuildPhase;
			buildActionMask = 2147483647;
			files = (
				4A6D184C2776C2DB0064B48F /* STREAMDUIKitTests.swift in Sources */,
			);
			runOnlyForDeploymentPostprocessing = 0;
		};
/* End PBXSourcesBuildPhase section */

/* Begin PBXTargetDependency section */
		4A6D18492776C2DB0064B48F /* PBXTargetDependency */ = {
			isa = PBXTargetDependency;
			target = 4A6D183B2776C2DB0064B48F /* STREAMDUIKit */;
			targetProxy = 4A6D18482776C2DB0064B48F /* PBXContainerItemProxy */;
		};
/* End PBXTargetDependency section */

/* Begin XCBuildConfiguration section */
		4A6D184E2776C2DB0064B48F /* Debug */ = {
			isa = XCBuildConfiguration;
			buildSettings = {
				ALWAYS_SEARCH_USER_PATHS = NO;
				CLANG_ANALYZER_NONNULL = YES;
				CLANG_ANALYZER_NUMBER_OBJECT_CONVERSION = YES_AGGRESSIVE;
				CLANG_CXX_LANGUAGE_STANDARD = "gnu++17";
				CLANG_CXX_LIBRARY = "libc++";
				CLANG_ENABLE_MODULES = YES;
				CLANG_ENABLE_OBJC_ARC = YES;
				CLANG_ENABLE_OBJC_WEAK = YES;
				CLANG_WARN_BLOCK_CAPTURE_AUTORELEASING = YES;
				CLANG_WARN_BOOL_CONVERSION = YES;
				CLANG_WARN_COMMA = YES;
				CLANG_WARN_CONSTANT_CONVERSION = YES;
				CLANG_WARN_DEPRECATED_OBJC_IMPLEMENTATIONS = YES;
				CLANG_WARN_DIRECT_OBJC_ISA_USAGE = YES_ERROR;
				CLANG_WARN_DOCUMENTATION_COMMENTS = YES;
				CLANG_WARN_EMPTY_BODY = YES;
				CLANG_WARN_ENUM_CONVERSION = YES;
				CLANG_WARN_INFINITE_RECURSION = YES;
				CLANG_WARN_INT_CONVERSION = YES;
				CLANG_WARN_NON_LITERAL_NULL_CONVERSION = YES;
				CLANG_WARN_OBJC_IMPLICIT_RETAIN_SELF = YES;
				CLANG_WARN_OBJC_LITERAL_CONVERSION = YES;
				CLANG_WARN_OBJC_ROOT_CLASS = YES_ERROR;
				CLANG_WARN_QUOTED_INCLUDE_IN_FRAMEWORK_HEADER = YES;
				CLANG_WARN_RANGE_LOOP_ANALYSIS = YES;
				CLANG_WARN_STRICT_PROTOTYPES = YES;
				CLANG_WARN_SUSPICIOUS_MOVE = YES;
				CLANG_WARN_UNGUARDED_AVAILABILITY = YES_AGGRESSIVE;
				CLANG_WARN_UNREACHABLE_CODE = YES;
				CLANG_WARN__DUPLICATE_METHOD_MATCH = YES;
				COPY_PHASE_STRIP = NO;
				CURRENT_PROJECT_VERSION = 1;
				DEBUG_INFORMATION_FORMAT = dwarf;
				ENABLE_STRICT_OBJC_MSGSEND = YES;
				ENABLE_TESTABILITY = YES;
				GCC_C_LANGUAGE_STANDARD = gnu11;
				GCC_DYNAMIC_NO_PIC = NO;
				GCC_NO_COMMON_BLOCKS = YES;
				GCC_OPTIMIZATION_LEVEL = 0;
				GCC_PREPROCESSOR_DEFINITIONS = (
					"DEBUG=1",
					"$(inherited)",
				);
				GCC_WARN_64_TO_32_BIT_CONVERSION = YES;
				GCC_WARN_ABOUT_RETURN_TYPE = YES_ERROR;
				GCC_WARN_UNDECLARED_SELECTOR = YES;
				GCC_WARN_UNINITIALIZED_AUTOS = YES_AGGRESSIVE;
				GCC_WARN_UNUSED_FUNCTION = YES;
				GCC_WARN_UNUSED_VARIABLE = YES;
				IPHONEOS_DEPLOYMENT_TARGET = 15.2;
				MTL_ENABLE_DEBUG_INFO = INCLUDE_SOURCE;
				MTL_FAST_MATH = YES;
				ONLY_ACTIVE_ARCH = YES;
				SDKROOT = iphoneos;
				SWIFT_ACTIVE_COMPILATION_CONDITIONS = DEBUG;
				SWIFT_OPTIMIZATION_LEVEL = "-Onone";
				VERSIONING_SYSTEM = "apple-generic";
				VERSION_INFO_PREFIX = "";
			};
			name = Debug;
		};
		4A6D184F2776C2DB0064B48F /* Release */ = {
			isa = XCBuildConfiguration;
			buildSettings = {
				ALWAYS_SEARCH_USER_PATHS = NO;
				CLANG_ANALYZER_NONNULL = YES;
				CLANG_ANALYZER_NUMBER_OBJECT_CONVERSION = YES_AGGRESSIVE;
				CLANG_CXX_LANGUAGE_STANDARD = "gnu++17";
				CLANG_CXX_LIBRARY = "libc++";
				CLANG_ENABLE_MODULES = YES;
				CLANG_ENABLE_OBJC_ARC = YES;
				CLANG_ENABLE_OBJC_WEAK = YES;
				CLANG_WARN_BLOCK_CAPTURE_AUTORELEASING = YES;
				CLANG_WARN_BOOL_CONVERSION = YES;
				CLANG_WARN_COMMA = YES;
				CLANG_WARN_CONSTANT_CONVERSION = YES;
				CLANG_WARN_DEPRECATED_OBJC_IMPLEMENTATIONS = YES;
				CLANG_WARN_DIRECT_OBJC_ISA_USAGE = YES_ERROR;
				CLANG_WARN_DOCUMENTATION_COMMENTS = YES;
				CLANG_WARN_EMPTY_BODY = YES;
				CLANG_WARN_ENUM_CONVERSION = YES;
				CLANG_WARN_INFINITE_RECURSION = YES;
				CLANG_WARN_INT_CONVERSION = YES;
				CLANG_WARN_NON_LITERAL_NULL_CONVERSION = YES;
				CLANG_WARN_OBJC_IMPLICIT_RETAIN_SELF = YES;
				CLANG_WARN_OBJC_LITERAL_CONVERSION = YES;
				CLANG_WARN_OBJC_ROOT_CLASS = YES_ERROR;
				CLANG_WARN_QUOTED_INCLUDE_IN_FRAMEWORK_HEADER = YES;
				CLANG_WARN_RANGE_LOOP_ANALYSIS = YES;
				CLANG_WARN_STRICT_PROTOTYPES = YES;
				CLANG_WARN_SUSPICIOUS_MOVE = YES;
				CLANG_WARN_UNGUARDED_AVAILABILITY = YES_AGGRESSIVE;
				CLANG_WARN_UNREACHABLE_CODE = YES;
				CLANG_WARN__DUPLICATE_METHOD_MATCH = YES;
				COPY_PHASE_STRIP = NO;
				CURRENT_PROJECT_VERSION = 1;
				DEBUG_INFORMATION_FORMAT = "dwarf-with-dsym";
				ENABLE_NS_ASSERTIONS = NO;
				ENABLE_STRICT_OBJC_MSGSEND = YES;
				GCC_C_LANGUAGE_STANDARD = gnu11;
				GCC_NO_COMMON_BLOCKS = YES;
				GCC_WARN_64_TO_32_BIT_CONVERSION = YES;
				GCC_WARN_ABOUT_RETURN_TYPE = YES_ERROR;
				GCC_WARN_UNDECLARED_SELECTOR = YES;
				GCC_WARN_UNINITIALIZED_AUTOS = YES_AGGRESSIVE;
				GCC_WARN_UNUSED_FUNCTION = YES;
				GCC_WARN_UNUSED_VARIABLE = YES;
				IPHONEOS_DEPLOYMENT_TARGET = 15.2;
				MTL_ENABLE_DEBUG_INFO = NO;
				MTL_FAST_MATH = YES;
				SDKROOT = iphoneos;
				SWIFT_COMPILATION_MODE = wholemodule;
				SWIFT_OPTIMIZATION_LEVEL = "-O";
				VALIDATE_PRODUCT = YES;
				VERSIONING_SYSTEM = "apple-generic";
				VERSION_INFO_PREFIX = "";
			};
			name = Release;
		};
		4A6D18512776C2DB0064B48F /* Debug */ = {
			isa = XCBuildConfiguration;
			buildSettings = {
				CODE_SIGN_STYLE = Automatic;
				CURRENT_PROJECT_VERSION = 1;
				DEFINES_MODULE = YES;
				DEVELOPMENT_TEAM = 599AK5LM2V;
				DYLIB_COMPATIBILITY_VERSION = 1;
				DYLIB_CURRENT_VERSION = 1;
				DYLIB_INSTALL_NAME_BASE = "@rpath";
				GENERATE_INFOPLIST_FILE = YES;
				INFOPLIST_KEY_NSHumanReadableCopyright = "";
				INSTALL_PATH = "$(LOCAL_LIBRARY_DIR)/Frameworks";
				IPHONEOS_DEPLOYMENT_TARGET = 15.0;
				LD_RUNPATH_SEARCH_PATHS = (
					"$(inherited)",
					"@executable_path/Frameworks",
					"@loader_path/Frameworks",
				);
				MARKETING_VERSION = 1.0;
				PRODUCT_BUNDLE_IDENTIFIER = io.STREAMDanime.STREAMDUIKit;
				PRODUCT_NAME = "$(TARGET_NAME:c99extidentifier)";
				SKIP_INSTALL = YES;
				SWIFT_EMIT_LOC_STRINGS = YES;
				SWIFT_VERSION = 5.0;
				TARGETED_DEVICE_FAMILY = "1,2";
			};
			name = Debug;
		};
		4A6D18522776C2DB0064B48F /* Release */ = {
			isa = XCBuildConfiguration;
			buildSettings = {
				CODE_SIGN_STYLE = Automatic;
				CURRENT_PROJECT_VERSION = 1;
				DEFINES_MODULE = YES;
				DEVELOPMENT_TEAM = 599AK5LM2V;
				DYLIB_COMPATIBILITY_VERSION = 1;
				DYLIB_CURRENT_VERSION = 1;
				DYLIB_INSTALL_NAME_BASE = "@rpath";
				GENERATE_INFOPLIST_FILE = YES;
				INFOPLIST_KEY_NSHumanReadableCopyright = "";
				INSTALL_PATH = "$(LOCAL_LIBRARY_DIR)/Frameworks";
				IPHONEOS_DEPLOYMENT_TARGET = 15.0;
				LD_RUNPATH_SEARCH_PATHS = (
					"$(inherited)",
					"@executable_path/Frameworks",
					"@loader_path/Frameworks",
				);
				MARKETING_VERSION = 1.0;
				PRODUCT_BUNDLE_IDENTIFIER = io.STREAMDanime.STREAMDUIKit;
				PRODUCT_NAME = "$(TARGET_NAME:c99extidentifier)";
				SKIP_INSTALL = YES;
				SWIFT_EMIT_LOC_STRINGS = YES;
				SWIFT_VERSION = 5.0;
				TARGETED_DEVICE_FAMILY = "1,2";
			};
			name = Release;
		};
		4A6D18542776C2DB0064B48F /* Debug */ = {
			isa = XCBuildConfiguration;
			buildSettings = {
				ALWAYS_EMBED_SWIFT_STANDARD_LIBRARIES = YES;
				CODE_SIGN_STYLE = Automatic;
				CURRENT_PROJECT_VERSION = 1;
				DEVELOPMENT_TEAM = 599AK5LM2V;
				GENERATE_INFOPLIST_FILE = YES;
				MARKETING_VERSION = 1.0;
				PRODUCT_BUNDLE_IDENTIFIER = io.STREAMDanime.STREAMDUIKitTests;
				PRODUCT_NAME = "$(TARGET_NAME)";
				SWIFT_EMIT_LOC_STRINGS = NO;
				SWIFT_VERSION = 5.0;
				TARGETED_DEVICE_FAMILY = "1,2";
			};
			name = Debug;
		};
		4A6D18552776C2DB0064B48F /* Release */ = {
			isa = XCBuildConfiguration;
			buildSettings = {
				ALWAYS_EMBED_SWIFT_STANDARD_LIBRARIES = YES;
				CODE_SIGN_STYLE = Automatic;
				CURRENT_PROJECT_VERSION = 1;
				DEVELOPMENT_TEAM = 599AK5LM2V;
				GENERATE_INFOPLIST_FILE = YES;
				MARKETING_VERSION = 1.0;
				PRODUCT_BUNDLE_IDENTIFIER = io.STREAMDanime.STREAMDUIKitTests;
				PRODUCT_NAME = "$(TARGET_NAME)";
				SWIFT_EMIT_LOC_STRINGS = NO;
				SWIFT_VERSION = 5.0;
				TARGETED_DEVICE_FAMILY = "1,2";
			};
			name = Release;
		};
/* End XCBuildConfiguration section */

/* Begin XCConfigurationList section */
		4A6D18362776C2DB0064B48F /* Build configuration list for PBXProject "STREAMDUIKit" */ = {
			isa = XCConfigurationList;
			buildConfigurations = (
				4A6D184E2776C2DB0064B48F /* Debug */,
				4A6D184F2776C2DB0064B48F /* Release */,
			);
			defaultConfigurationIsVisible = 0;
			defaultConfigurationName = Release;
		};
		4A6D18502776C2DB0064B48F /* Build configuration list for PBXNativeTarget "STREAMDUIKit" */ = {
			isa = XCConfigurationList;
			buildConfigurations = (
				4A6D18512776C2DB0064B48F /* Debug */,
				4A6D18522776C2DB0064B48F /* Release */,
			);
			defaultConfigurationIsVisible = 0;
			defaultConfigurationName = Release;
		};
		4A6D18532776C2DB0064B48F /* Build configuration list for PBXNativeTarget "STREAMDUIKitTests" */ = {
			isa = XCConfigurationList;
			buildConfigurations = (
				4A6D18542776C2DB0064B48F /* Debug */,
				4A6D18552776C2DB0064B48F /* Release */,
			);
			defaultConfigurationIsVisible = 0;
			defaultConfigurationName = Release;
		};
/* End XCConfigurationList section */

/* Begin XCRemoteSwiftPackageReference section */
		4A6D186A2776C34F0064B48F /* XCRemoteSwiftPackageReference "SnapKit" */ = {
			isa = XCRemoteSwiftPackageReference;
			repositoryURL = "https://github.com/SnapKit/SnapKit.git";
			requirement = {
				branch = develop;
				kind = branch;
			};
		};
/* End XCRemoteSwiftPackageReference section */

/* Begin XCSwiftPackageProductDependency section */
		4A6D186B2776C34F0064B48F /* SnapKit */ = {
			isa = XCSwiftPackageProductDependency;
			package = 4A6D186A2776C34F0064B48F /* XCRemoteSwiftPackageReference "SnapKit" */;
			productName = SnapKit;
		};
/* End XCSwiftPackageProductDependency section */
	};
	rootObject = 4A6D18332776C2DB0064B48F /* Project object */;
}
